// !$*UTF8*$!
{
	archiveVersion = 1;
	classes = {
	};
	objectVersion = 46;
	objects = {

/* Begin PBXBuildFile section */
		5C2A8FC91F418D2C0094231B /* main.m in Sources */ = {isa = PBXBuildFile; fileRef = 5C2A8FC81F418D2C0094231B /* main.m */; };
		5C2A8FCC1F418D2C0094231B /* AppDelegate.m in Sources */ = {isa = PBXBuildFile; fileRef = 5C2A8FCB1F418D2C0094231B /* AppDelegate.m */; };
		5C2A8FCF1F418D2C0094231B /* ViewController.m in Sources */ = {isa = PBXBuildFile; fileRef = 5C2A8FCE1F418D2C0094231B /* ViewController.m */; };
		5C2A8FD21F418D2C0094231B /* Main.storyboard in Resources */ = {isa = PBXBuildFile; fileRef = 5C2A8FD01F418D2C0094231B /* Main.storyboard */; };
		5C2A8FD41F418D2C0094231B /* Assets.xcassets in Resources */ = {isa = PBXBuildFile; fileRef = 5C2A8FD31F418D2C0094231B /* Assets.xcassets */; };
		5C2A8FD71F418D2C0094231B /* LaunchScreen.storyboard in Resources */ = {isa = PBXBuildFile; fileRef = 5C2A8FD51F418D2C0094231B /* LaunchScreen.storyboard */; };
		5C2A8FE21F418D2C0094231B /* openg_testoneUITests.m in Sources */ = {isa = PBXBuildFile; fileRef = 5C2A8FE11F418D2C0094231B /* openg_testoneUITests.m */; };
		5C2A8FEE1F418DF50094231B /* OpenGLView.m in Sources */ = {isa = PBXBuildFile; fileRef = 5C2A8FED1F418DF50094231B /* OpenGLView.m */; };
/* End PBXBuildFile section */

/* Begin PBXContainerItemProxy section */
		5C2A8FDE1F418D2C0094231B /* PBXContainerItemProxy */ = {
			isa = PBXContainerItemProxy;
			containerPortal = 5C2A8FBC1F418D2C0094231B /* Project object */;
			proxyType = 1;
			remoteGlobalIDString = 5C2A8FC31F418D2C0094231B;
			remoteInfo = "openg-testone";
		};
/* End PBXContainerItemProxy section */

/* Begin PBXFileReference section */
		5C2A8FC41F418D2C0094231B /* openg-testone.app */ = {isa = PBXFileReference; explicitFileType = wrapper.application; includeInIndex = 0; path = "openg-testone.app"; sourceTree = BUILT_PRODUCTS_DIR; };
		5C2A8FC81F418D2C0094231B /* main.m */ = {isa = PBXFileReference; lastKnownFileType = sourcecode.c.objc; path = main.m; sourceTree = "<group>"; };
		5C2A8FCA1F418D2C0094231B /* AppDelegate.h */ = {isa = PBXFileReference; lastKnownFileType = sourcecode.c.h; path = AppDelegate.h; sourceTree = "<group>"; };
		5C2A8FCB1F418D2C0094231B /* AppDelegate.m */ = {isa = PBXFileReference; lastKnownFileType = sourcecode.c.objc; path = AppDelegate.m; sourceTree = "<group>"; };
		5C2A8FCD1F418D2C0094231B /* ViewController.h */ = {isa = PBXFileReference; lastKnownFileType = sourcecode.c.h; path = ViewController.h; sourceTree = "<group>"; };
		5C2A8FCE1F418D2C0094231B /* ViewController.m */ = {isa = PBXFileReference; lastKnownFileType = sourcecode.c.objc; path = ViewController.m; sourceTree = "<group>"; };
		5C2A8FD11F418D2C0094231B /* Base */ = {isa = PBXFileReference; lastKnownFileType = file.storyboard; name = Base; path = Base.lproj/Main.storyboard; sourceTree = "<group>"; };
		5C2A8FD31F418D2C0094231B /* Assets.xcassets */ = {isa = PBXFileReference; lastKnownFileType = folder.assetcatalog; path = Assets.xcassets; sourceTree = "<group>"; };
		5C2A8FD61F418D2C0094231B /* Base */ = {isa = PBXFileReference; lastKnownFileType = file.storyboard; name = Base; path = Base.lproj/LaunchScreen.storyboard; sourceTree = "<group>"; };
		5C2A8FD81F418D2C0094231B /* Info.plist */ = {isa = PBXFileReference; lastKnownFileType = text.plist.xml; path = Info.plist; sourceTree = "<group>"; };
		5C2A8FDD1F418D2C0094231B /* openg-testoneUITests.xctest */ = {isa = PBXFileReference; explicitFileType = wrapper.cfbundle; includeInIndex = 0; path = "openg-testoneUITests.xctest"; sourceTree = BUILT_PRODUCTS_DIR; };
		5C2A8FE11F418D2C0094231B /* openg_testoneUITests.m */ = {isa = PBXFileReference; lastKnownFileType = sourcecode.c.objc; path = openg_testoneUITests.m; sourceTree = "<group>"; };
		5C2A8FE31F418D2C0094231B /* Info.plist */ = {isa = PBXFileReference; lastKnownFileType = text.plist.xml; path = Info.plist; sourceTree = "<group>"; };
		5C2A8FEC1F418DF50094231B /* OpenGLView.h */ = {isa = PBXFileReference; fileEncoding = 4; lastKnownFileType = sourcecode.c.h; path = OpenGLView.h; sourceTree = "<group>"; };
		5C2A8FED1F418DF50094231B /* OpenGLView.m */ = {isa = PBXFileReference; fileEncoding = 4; lastKnownFileType = sourcecode.c.objc; path = OpenGLView.m; sourceTree = "<group>"; };
/* End PBXFileReference section */

/* Begin PBXFrameworksBuildPhase section */
		5C2A8FC11F418D2C0094231B /* Frameworks */ = {
			isa = PBXFrameworksBuildPhase;
			buildActionMask = 2147483647;
			files = (
			);
			runOnlyForDeploymentPostprocessing = 0;
		};
		5C2A8FDA1F418D2C0094231B /* Frameworks */ = {
			isa = PBXFrameworksBuildPhase;
			buildActionMask = 2147483647;
			files = (
			);
			runOnlyForDeploymentPostprocessing = 0;
		};
/* End PBXFrameworksBuildPhase section */

/* Begin PBXGroup section */
		5C2A8FBB1F418D2C0094231B = {
			isa = PBXGroup;
			children = (
				5C2A8FC61F418D2C0094231B /* openg-testone */,
				5C2A8FE01F418D2C0094231B /* openg-testoneUITests */,
				5C2A8FC51F418D2C0094231B /* Products */,
			);
			sourceTree = "<group>";
		};
		5C2A8FC51F418D2C0094231B /* Products */ = {
			isa = PBXGroup;
			children = (
				5C2A8FC41F418D2C0094231B /* openg-testone.app */,
				5C2A8FDD1F418D2C0094231B /* openg-testoneUITests.xctest */,
			);
			name = Products;
			sourceTree = "<group>";
		};
		5C2A8FC61F418D2C0094231B /* openg-testone */ = {
			isa = PBXGroup;
			children = (
				5C2A8FEC1F418DF50094231B /* OpenGLView.h */,
				5C2A8FED1F418DF50094231B /* OpenGLView.m */,
				5C2A8FCA1F418D2C0094231B /* AppDelegate.h */,
				5C2A8FCB1F418D2C0094231B /* AppDelegate.m */,
				5C2A8FCD1F418D2C0094231B /* ViewController.h */,
				5C2A8FCE1F418D2C0094231B /* ViewController.m */,
				5C2A8FD01F418D2C0094231B /* Main.storyboard */,
				5C2A8FD31F418D2C0094231B /* Assets.xcassets */,
				5C2A8FD51F418D2C0094231B /* LaunchScreen.storyboard */,
				5C2A8FD81F418D2C0094231B /* Info.plist */,
				5C2A8FC71F418D2C0094231B /* Supporting Files */,
			);
			path = "openg-testone";
			sourceTree = "<group>";
		};
		5C2A8FC71F418D2C0094231B /* Supporting Files */ = {
			isa = PBXGroup;
			children = (
				5C2A8FC81F418D2C0094231B /* main.m */,
			);
			name = "Supporting Files";
			sourceTree = "<group>";
		};
		5C2A8FE01F418D2C0094231B /* openg-testoneUITests */ = {
			isa = PBXGroup;
			children = (
				5C2A8FE11F418D2C0094231B /* openg_testoneUITests.m */,
				5C2A8FE31F418D2C0094231B /* Info.plist */,
			);
			path = "openg-testoneUITests";
			sourceTree = "<group>";
		};
/* End PBXGroup section */

/* Begin PBXNativeTarget section */
		5C2A8FC31F418D2C0094231B /* openg-testone */ = {
			isa = PBXNativeTarget;
			buildConfigurationList = 5C2A8FE61F418D2C0094231B /* Build configuration list for PBXNativeTarget "openg-testone" */;
			buildPhases = (
				5C2A8FC01F418D2C0094231B /* Sources */,
				5C2A8FC11F418D2C0094231B /* Frameworks */,
				5C2A8FC21F418D2C0094231B /* Resources */,
			);
			buildRules = (
			);
			dependencies = (
			);
			name = "openg-testone";
			productName = "openg-testone";
			productReference = 5C2A8FC41F418D2C0094231B /* openg-testone.app */;
			productType = "com.apple.product-type.application";
		};
		5C2A8FDC1F418D2C0094231B /* openg-testoneUITests */ = {
			isa = PBXNativeTarget;
			buildConfigurationList = 5C2A8FE91F418D2C0094231B /* Build configuration list for PBXNativeTarget "openg-testoneUITests" */;
			buildPhases = (
				5C2A8FD91F418D2C0094231B /* Sources */,
				5C2A8FDA1F418D2C0094231B /* Frameworks */,
				5C2A8FDB1F418D2C0094231B /* Resources */,
			);
			buildRules = (
			);
			dependencies = (
				5C2A8FDF1F418D2C0094231B /* PBXTargetDependency */,
			);
			name = "openg-testoneUITests";
			productName = "openg-testoneUITests";
			productReference = 5C2A8FDD1F418D2C0094231B /* openg-testoneUITests.xctest */;
			productType = "com.apple.product-type.bundle.ui-testing";
		};
/* End PBXNativeTarget section */

/* Begin PBXProject section */
		5C2A8FBC1F418D2C0094231B /* Project object */ = {
			isa = PBXProject;
			attributes = {
				LastUpgradeCheck = 0830;
				ORGANIZATIONNAME = com.waqu;
				TargetAttributes = {
					5C2A8FC31F418D2C0094231B = {
						CreatedOnToolsVersion = 8.3.1;
						DevelopmentTeam = D8RJFY6RH2;
						ProvisioningStyle = Automatic;
					};
					5C2A8FDC1F418D2C0094231B = {
						CreatedOnToolsVersion = 8.3.1;
						DevelopmentTeam = D8RJFY6RH2;
						ProvisioningStyle = Automatic;
						TestTargetID = 5C2A8FC31F418D2C0094231B;
					};
				};
			};
			buildConfigurationList = 5C2A8FBF1F418D2C0094231B /* Build configuration list for PBXProject "openg-testone" */;
			compatibilityVersion = "Xcode 3.2";
			developmentRegion = English;
			hasScannedForEncodings = 0;
			knownRegions = (
				en,
				Base,
			);
			mainGroup = 5C2A8FBB1F418D2C0094231B;
			productRefGroup = 5C2A8FC51F418D2C0094231B /* Products */;
			projectDirPath = "";
			projectRoot = "";
			targets = (
				5C2A8FC31F418D2C0094231B /* openg-testone */,
				5C2A8FDC1F418D2C0094231B /* openg-testoneUITests */,
			);
		};
/* End PBXProject section */

/* Begin PBXResourcesBuildPhase section */
		5C2A8FC21F418D2C0094231B /* Resources */ = {
			isa = PBXResourcesBuildPhase;
			buildActionMask = 2147483647;
			files = (
				5C2A8FD71F418D2C0094231B /* LaunchScreen.storyboard in Resources */,
				5C2A8FD41F418D2C0094231B /* Assets.xcassets in Resources */,
				5C2A8FD21F418D2C0094231B /* Main.storyboard in Resources */,
			);
			runOnlyForDeploymentPostprocessing = 0;
		};
		5C2A8FDB1F418D2C0094231B /* Resources */ = {
			isa = PBXResourcesBuildPhase;
			buildActionMask = 2147483647;
			files = (
			);
			runOnlyForDeploymentPostprocessing = 0;
		};
/* End PBXResourcesBuildPhase section */

/* Begin PBXSourcesBuildPhase section */
		5C2A8FC01F418D2C0094231B /* Sources */ = {
			isa = PBXSourcesBuildPhase;
			buildActionMask = 2147483647;
			files = (
				5C2A8FCF1F418D2C0094231B /* ViewController.m in Sources */,
				5C2A8FCC1F418D2C0094231B /* AppDelegate.m in Sources */,
				5C2A8FC91F418D2C0094231B /* main.m in Sources */,
				5C2A8FEE1F418DF50094231B /* OpenGLView.m in Sources */,
			);
			runOnlyForDeploymentPostprocessing = 0;
		};
		5C2A8FD91F418D2C0094231B /* Sources */ = {
			isa = PBXSourcesBuildPhase;
			buildActionMask = 2147483647;
			files = (
				5C2A8FE21F418D2C0094231B /* openg_testoneUITests.m in Sources */,
			);
			runOnlyForDeploymentPostprocessing = 0;
		};
/* End PBXSourcesBuildPhase section */

/* Begin PBXTargetDependency section */
		5C2A8FDF1F418D2C0094231B /* PBXTargetDependency */ = {
			isa = PBXTargetDependency;
			target = 5C2A8FC31F418D2C0094231B /* openg-testone */;
			targetProxy = 5C2A8FDE1F418D2C0094231B /* PBXContainerItemProxy */;
		};
/* End PBXTargetDependency section */

/* Begin PBXVariantGroup section */
		5C2A8FD01F418D2C0094231B /* Main.storyboard */ = {
			isa = PBXVariantGroup;
			children = (
				5C2A8FD11F418D2C0094231B /* Base */,
			);
			name = Main.storyboard;
			sourceTree = "<group>";
		};
		5C2A8FD51F418D2C0094231B /* LaunchScreen.storyboard */ = {
			isa = PBXVariantGroup;
			children = (
				5C2A8FD61F418D2C0094231B /* Base */,
			);
			name = LaunchScreen.storyboard;
			sourceTree = "<group>";
		};
/* End PBXVariantGroup section */

/* Begin XCBuildConfiguration section */
		5C2A8FE41F418D2C0094231B /* Debug */ = {
			isa = XCBuildConfiguration;
			buildSettings = {
				ALWAYS_SEARCH_USER_PATHS = NO;
				CLANG_ANALYZER_NONNULL = YES;
				CLANG_ANALYZER_NUMBER_OBJECT_CONVERSION = YES_AGGRESSIVE;
				CLANG_CXX_LANGUAGE_STANDARD = "gnu++0x";
				CLANG_CXX_LIBRARY = "libc++";
				CLANG_ENABLE_MODULES = YES;
				CLANG_ENABLE_OBJC_ARC = YES;
				CLANG_WARN_BOOL_CONVERSION = YES;
				CLANG_WARN_CONSTANT_CONVERSION = YES;
				CLANG_WARN_DIRECT_OBJC_ISA_USAGE = YES_ERROR;
				CLANG_WARN_DOCUMENTATION_COMMENTS = YES;
				CLANG_WARN_EMPTY_BODY = YES;
				CLANG_WARN_ENUM_CONVERSION = YES;
				CLANG_WARN_INFINITE_RECURSION = YES;
				CLANG_WARN_INT_CONVERSION = YES;
				CLANG_WARN_OBJC_ROOT_CLASS = YES_ERROR;
				CLANG_WARN_SUSPICIOUS_MOVE = YES;
				CLANG_WARN_UNREACHABLE_CODE = YES;
				CLANG_WARN__DUPLICATE_METHOD_MATCH = YES;
				"CODE_SIGN_IDENTITY[sdk=iphoneos*]" = "iPhone Developer";
				COPY_PHASE_STRIP = NO;
				DEBUG_INFORMATION_FORMAT = dwarf;
				ENABLE_STRICT_OBJC_MSGSEND = YES;
				ENABLE_TESTABILITY = YES;
				GCC_C_LANGUAGE_STANDARD = gnu99;
				GCC_DYNAMIC_NO_PIC = NO;
				GCC_NO_COMMON_BLOCKS = YES;
				GCC_OPTIMIZATION_LEVEL = 0;
				GCC_PREPROCESSOR_DEFINITIONS = (
					"DEBUG=1",
					"$(inherited)",
				);
				GCC_WARN_64_TO_32_BIT_CONVERSION = YES;
				GCC_WARN_ABOUT_RETURN_TYPE = YES_ERROR;
				GCC_WARN_UNDECLARED_SELECTOR = YES;
				GCC_WARN_UNINITIALIZED_AUTOS = YES_AGGRESSIVE;
				GCC_WARN_UNUSED_FUNCTION = YES;
				GCC_WARN_UNUSED_VARIABLE = YES;
				IPHONEOS_DEPLOYMENT_TARGET = 8.0;
				MTL_ENABLE_DEBUG_INFO = YES;
				ONLY_ACTIVE_ARCH = YES;
				SDKROOT = iphoneos;
			};
			name = Debug;
		};
		5C2A8FE51F418D2C0094231B /* Release */ = {
			isa = XCBuildConfiguration;
			buildSettings = {
				ALWAYS_SEARCH_USER_PATHS = NO;
				CLANG_ANALYZER_NONNULL = YES;
				CLANG_ANALYZER_NUMBER_OBJECT_CONVERSION = YES_AGGRESSIVE;
				CLANG_CXX_LANGUAGE_STANDARD = "gnu++0x";
				CLANG_CXX_LIBRARY = "libc++";
				CLANG_ENABLE_MODULES = YES;
				CLANG_ENABLE_OBJC_ARC = YES;
				CLANG_WARN_BOOL_CONVERSION = YES;
				CLANG_WARN_CONSTANT_CONVERSION = YES;
				CLANG_WARN_DIRECT_OBJC_ISA_USAGE = YES_ERROR;
				CLANG_WARN_DOCUMENTATION_COMMENTS = YES;
				CLANG_WARN_EMPTY_BODY = YES;
				CLANG_WARN_ENUM_CONVERSION = YES;
				CLANG_WARN_INFINITE_RECURSION = YES;
				CLANG_WARN_INT_CONVERSION = YES;
				CLANG_WARN_OBJC_ROOT_CLASS = YES_ERROR;
				CLANG_WARN_SUSPICIOUS_MOVE = YES;
				CLANG_WARN_UNREACHABLE_CODE = YES;
				CLANG_WARN__DUPLICATE_METHOD_MATCH = YES;
				"CODE_SIGN_IDENTITY[sdk=iphoneos*]" = "iPhone Developer";
				COPY_PHASE_STRIP = NO;
				DEBUG_INFORMATION_FORMAT = "dwarf-with-dsym";
				ENABLE_NS_ASSERTIONS = NO;
				ENABLE_STRICT_OBJC_MSGSEND = YES;
				GCC_C_LANGUAGE_STANDARD = gnu99;
				GCC_NO_COMMON_BLOCKS = YES;
				GCC_WARN_64_TO_32_BIT_CONVERSION = YES;
				GCC_WARN_ABOUT_RETURN_TYPE = YES_ERROR;
				GCC_WARN_UNDECLARED_SELECTOR = YES;
				GCC_WARN_UNINITIALIZED_AUTOS = YES_AGGRESSIVE;
				GCC_WARN_UNUSED_FUNCTION = YES;
				GCC_WARN_UNUSED_VARIABLE = YES;
				IPHONEOS_DEPLOYMENT_TARGET = 8.0;
				MTL_ENABLE_DEBUG_INFO = NO;
				SDKROOT = iphoneos;
				VALIDATE_PRODUCT = YES;
			};
			name = Release;
		};
		5C2A8FE71F418D2C0094231B /* Debug */ = {
			isa = XCBuildConfiguration;
			buildSettings = {
				ASSETCATALOG_COMPILER_APPICON_NAME = AppIcon;
				DEVELOPMENT_TEAM = D8RJFY6RH2;
				INFOPLIST_FILE = "openg-testone/Info.plist";
				IPHONEOS_DEPLOYMENT_TARGET = 8.0;
				LD_RUNPATH_SEARCH_PATHS = "$(inherited) @executable_path/Frameworks";
				PRODUCT_BUNDLE_IDENTIFIER = "com.waqu.openg-testone";
				PRODUCT_NAME = "$(TARGET_NAME)";
			};
			name = Debug;
		};
		5C2A8FE81F418D2C0094231B /* Release */ = {
			isa = XCBuildConfiguration;
			buildSettings = {
				ASSETCATALOG_COMPILER_APPICON_NAME = AppIcon;
				DEVELOPMENT_TEAM = D8RJFY6RH2;
				INFOPLIST_FILE = "openg-testone/Info.plist";
				IPHONEOS_DEPLOYMENT_TARGET = 8.0;
				LD_RUNPATH_SEARCH_PATHS = "$(inherited) @executable_path/Frameworks";
				PRODUCT_BUNDLE_IDENTIFIER = "com.waqu.openg-testone";
				PRODUCT_NAME = "$(TARGET_NAME)";
			};
			name = Release;
		};
		5C2A8FEA1F418D2C0094231B /* Debug */ = {
			isa = XCBuildConfiguration;
			buildSettings = {
				DEVELOPMENT_TEAM = D8RJFY6RH2;
				INFOPLIST_FILE = "openg-testoneUITests/Info.plist";
				LD_RUNPATH_SEARCH_PATHS = "$(inherited) @executable_path/Frameworks @loader_path/Frameworks";
				PRODUCT_BUNDLE_IDENTIFIER = "com.waqu.openg-testoneUITests";
				PRODUCT_NAME = "$(TARGET_NAME)";
				TEST_TARGET_NAME = "openg-testone";
			};
			name = Debug;
		};
		5C2A8FEB1F418D2C0094231B /* Release */ = {
			isa = XCBuildConfiguration;
			buildSettings = {
				DEVELOPMENT_TEAM = D8RJFY6RH2;
				INFOPLIST_FILE = "openg-testoneUITests/Info.plist";
				LD_RUNPATH_SEARCH_PATHS = "$(inherited) @executable_path/Frameworks @loader_path/Frameworks";
				PRODUCT_BUNDLE_IDENTIFIER = "com.waqu.openg-testoneUITests";
				PRODUCT_NAME = "$(TARGET_NAME)";
				TEST_TARGET_NAME = "openg-testone";
			};
			name = Release;
		};
/* End XCBuildConfiguration section */

/* Begin XCConfigurationList section */
		5C2A8FBF1F418D2C0094231B /* Build configuration list for PBXProject "openg-testone" */ = {
			isa = XCConfigurationList;
			buildConfigurations = (
				5C2A8FE41F418D2C0094231B /* Debug */,
				5C2A8FE51F418D2C0094231B /* Release */,
			);
			defaultConfigurationIsVisible = 0;
			defaultConfigurationName = Release;
		};
		5C2A8FE61F418D2C0094231B /* Build configuration list for PBXNativeTarget "openg-testone" */ = {
			isa = XCConfigurationList;
			buildConfigurations = (
				5C2A8FE71F418D2C0094231B /* Debug */,
				5C2A8FE81F418D2C0094231B /* Release */,
			);
			defaultConfigurationIsVisible = 0;
		};
		5C2A8FE91F418D2C0094231B /* Build configuration list for PBXNativeTarget "openg-testoneUITests" */ = {
			isa = XCConfigurationList;
			buildConfigurations = (
				5C2A8FEA1F418D2C0094231B /* Debug */,
				5C2A8FEB1F418D2C0094231B /* Release */,
			);
			defaultConfigurationIsVisible = 0;
		};
/* End XCConfigurationList section */
	};
	rootObject = 5C2A8FBC1F418D2C0094231B /* Project object */;
}
